
Microsoft Visual Studio Solution File, Format Version 12.00
# Visual Studio Version 17
VisualStudioVersion = 17.12.35707.178 d17.12
MinimumVisualStudioVersion = 10.0.40219.1
Project("{FAE04EC0-301F-11D3-BF4B-00C04F79EFBC}") = "EngDict.NET", "EngDict.NET\EngDict.NET.csproj", "{9B9408C2-0708-426F-BAF8-7280B45954AE}"
EndProject
Project("{FAE04EC0-301F-11D3-BF4B-00C04F79EFBC}") = "Example API", "Example API\Example API.csproj", "{F5F258DB-4C08-475B-870C-1B44BBFCAD31}"
EndProject
Global
	GlobalSection(SolutionConfigurationPlatforms) = preSolution
		Debug|Any CPU = Debug|Any CPU
		Release|Any CPU = Release|Any CPU
	EndGlobalSection
	GlobalSection(ProjectConfigurationPlatforms) = postSolution
		{9B9408C2-0708-426F-BAF8-7280B45954AE}.Debug|Any CPU.ActiveCfg = Debug|Any CPU
		{9B9408C2-0708-426F-BAF8-7280B45954AE}.Debug|Any CPU.Build.0 = Debug|Any CPU
		{9B9408C2-0708-426F-BAF8-7280B45954AE}.Release|Any CPU.ActiveCfg = Release|Any CPU
		{9B9408C2-0708-426F-BAF8-7280B45954AE}.Release|Any CPU.Build.0 = Release|Any CPU
		{F5F258DB-4C08-475B-870C-1B44BBFCAD31}.Debug|Any CPU.ActiveCfg = Debug|Any CPU
		{F5F258DB-4C08-475B-870C-1B44BBFCAD31}.Debug|Any CPU.Build.0 = Debug|Any CPU
		{F5F258DB-4C08-475B-870C-1B44BBFCAD31}.Release|Any CPU.ActiveCfg = Release|Any CPU
		{F5F258DB-4C08-475B-870C-1B44BBFCAD31}.Release|Any CPU.Build.0 = Release|Any CPU
	EndGlobalSection
	GlobalSection(SolutionProperties) = preSolution
		HideSolutionNode = FALSE
	EndGlobalSection
EndGlobal
